// !$*UTF8*$!
{
	archiveVersion = 1;
	classes = {
	};
	objectVersion = 50;
	objects = {

/* Begin PBXBuildFile section */
		4527E9D625FA0E0A009C6178 /* BourseApp.swift in Sources */ = {isa = PBXBuildFile; fileRef = 4527E9D525FA0E0A009C6178 /* BourseApp.swift */; };
		4527E9D825FA0E0A009C6178 /* ContentView.swift in Sources */ = {isa = PBXBuildFile; fileRef = 4527E9D725FA0E0A009C6178 /* ContentView.swift */; };
		4527E9DA25FA0E0C009C6178 /* Assets.xcassets in Resources */ = {isa = PBXBuildFile; fileRef = 4527E9D925FA0E0C009C6178 /* Assets.xcassets */; };
		4527E9DD25FA0E0C009C6178 /* Preview Assets.xcassets in Resources */ = {isa = PBXBuildFile; fileRef = 4527E9DC25FA0E0C009C6178 /* Preview Assets.xcassets */; };
		4527E9E625FA0E33009C6178 /* BourseModel.swift in Sources */ = {isa = PBXBuildFile; fileRef = 4527E9E525FA0E33009C6178 /* BourseModel.swift */; };
/* End PBXBuildFile section */

/* Begin PBXFileReference section */
		4527E9D225FA0E0A009C6178 /* Bourse.app */ = {isa = PBXFileReference; explicitFileType = wrapper.application; includeInIndex = 0; path = Bourse.app; sourceTree = BUILT_PRODUCTS_DIR; };
		4527E9D525FA0E0A009C6178 /* BourseApp.swift */ = {isa = PBXFileReference; lastKnownFileType = sourcecode.swift; path = BourseApp.swift; sourceTree = "<group>"; };
		4527E9D725FA0E0A009C6178 /* ContentView.swift */ = {isa = PBXFileReference; lastKnownFileType = sourcecode.swift; path = ContentView.swift; sourceTree = "<group>"; };
		4527E9D925FA0E0C009C6178 /* Assets.xcassets */ = {isa = PBXFileReference; lastKnownFileType = folder.assetcatalog; path = Assets.xcassets; sourceTree = "<group>"; };
		4527E9DC25FA0E0C009C6178 /* Preview Assets.xcassets */ = {isa = PBXFileReference; lastKnownFileType = folder.assetcatalog; path = "Preview Assets.xcassets"; sourceTree = "<group>"; };
		4527E9DE25FA0E0C009C6178 /* Info.plist */ = {isa = PBXFileReference; lastKnownFileType = text.plist.xml; path = Info.plist; sourceTree = "<group>"; };
		4527E9E525FA0E33009C6178 /* BourseModel.swift */ = {isa = PBXFileReference; lastKnownFileType = sourcecode.swift; path = BourseModel.swift; sourceTree = "<group>"; };
/* End PBXFileReference section */

/* Begin PBXFrameworksBuildPhase section */
		4527E9CF25FA0E0A009C6178 /* Frameworks */ = {
			isa = PBXFrameworksBuildPhase;
			buildActionMask = 2147483647;
			files = (
			);
			runOnlyForDeploymentPostprocessing = 0;
		};
/* End PBXFrameworksBuildPhase section */

/* Begin PBXGroup section */
		4527E9C925FA0E0A009C6178 = {
			isa = PBXGroup;
			children = (
				4527E9D425FA0E0A009C6178 /* Bourse */,
				4527E9D325FA0E0A009C6178 /* Products */,
			);
			sourceTree = "<group>";
		};
		4527E9D325FA0E0A009C6178 /* Products */ = {
			isa = PBXGroup;
			children = (
				4527E9D225FA0E0A009C6178 /* Bourse.app */,
			);
			name = Products;
			sourceTree = "<group>";
		};
		4527E9D425FA0E0A009C6178 /* Bourse */ = {
			isa = PBXGroup;
			children = (
				4527E9D525FA0E0A009C6178 /* BourseApp.swift */,
				4527E9D725FA0E0A009C6178 /* ContentView.swift */,
				4527E9E525FA0E33009C6178 /* BourseModel.swift */,
				4527E9D925FA0E0C009C6178 /* Assets.xcassets */,
				4527E9DE25FA0E0C009C6178 /* Info.plist */,
				4527E9DB25FA0E0C009C6178 /* Preview Content */,
			);
			path = Bourse;
			sourceTree = "<group>";
		};
		4527E9DB25FA0E0C009C6178 /* Preview Content */ = {
			isa = PBXGroup;
			children = (
				4527E9DC25FA0E0C009C6178 /* Preview Assets.xcassets */,
			);
			path = "Preview Content";
			sourceTree = "<group>";
		};
/* End PBXGroup section */

/* Begin PBXNativeTarget section */
		4527E9D125FA0E0A009C6178 /* Bourse */ = {
			isa = PBXNativeTarget;
			buildConfigurationList = 4527E9E125FA0E0C009C6178 /* Build configuration list for PBXNativeTarget "Bourse" */;
			buildPhases = (
				4527E9CE25FA0E0A009C6178 /* Sources */,
				4527E9CF25FA0E0A009C6178 /* Frameworks */,
				4527E9D025FA0E0A009C6178 /* Resources */,
			);
			buildRules = (
			);
			dependencies = (
			);
			name = Bourse;
			productName = Bourse;
			productReference = 4527E9D225FA0E0A009C6178 /* Bourse.app */;
			productType = "com.apple.product-type.application";
		};
/* End PBXNativeTarget section */

/* Begin PBXProject section */
		4527E9CA25FA0E0A009C6178 /* Project object */ = {
			isa = PBXProject;
			attributes = {
				LastSwiftUpdateCheck = 1240;
				LastUpgradeCheck = 1240;
				TargetAttributes = {
					4527E9D125FA0E0A009C6178 = {
						CreatedOnToolsVersion = 12.4;
					};
				};
			};
			buildConfigurationList = 4527E9CD25FA0E0A009C6178 /* Build configuration list for PBXProject "Bourse" */;
			compatibilityVersion = "Xcode 9.3";
			developmentRegion = en;
			hasScannedForEncodings = 0;
			knownRegions = (
				en,
				Base,
			);
			mainGroup = 4527E9C925FA0E0A009C6178;
			productRefGroup = 4527E9D325FA0E0A009C6178 /* Products */;
			projectDirPath = "";
			projectRoot = "";
			targets = (
				4527E9D125FA0E0A009C6178 /* Bourse */,
			);
		};
/* End PBXProject section */

/* Begin PBXResourcesBuildPhase section */
		4527E9D025FA0E0A009C6178 /* Resources */ = {
			isa = PBXResourcesBuildPhase;
			buildActionMask = 2147483647;
			files = (
				4527E9DD25FA0E0C009C6178 /* Preview Assets.xcassets in Resources */,
				4527E9DA25FA0E0C009C6178 /* Assets.xcassets in Resources */,
			);
			runOnlyForDeploymentPostprocessing = 0;
		};
/* End PBXResourcesBuildPhase section */

/* Begin PBXSourcesBuildPhase section */
		4527E9CE25FA0E0A009C6178 /* Sources */ = {
			isa = PBXSourcesBuildPhase;
			buildActionMask = 2147483647;
			files = (
				4527E9E625FA0E33009C6178 /* BourseModel.swift in Sources */,
				4527E9D825FA0E0A009C6178 /* ContentView.swift in Sources */,
				4527E9D625FA0E0A009C6178 /* BourseApp.swift in Sources */,
			);
			runOnlyForDeploymentPostprocessing = 0;
		};
/* End PBXSourcesBuildPhase section */

/* Begin XCBuildConfiguration section */
		4527E9DF25FA0E0C009C6178 /* Debug */ = {
			isa = XCBuildConfiguration;
			buildSettings = {
				ALWAYS_SEARCH_USER_PATHS = NO;
				CLANG_ANALYZER_NONNULL = YES;
				CLANG_ANALYZER_NUMBER_OBJECT_CONVERSION = YES_AGGRESSIVE;
				CLANG_CXX_LANGUAGE_STANDARD = "gnu++14";
				CLANG_CXX_LIBRARY = "libc++";
				CLANG_ENABLE_MODULES = YES;
				CLANG_ENABLE_OBJC_ARC = YES;
				CLANG_ENABLE_OBJC_WEAK = YES;
				CLANG_WARN_BLOCK_CAPTURE_AUTORELEASING = YES;
				CLANG_WARN_BOOL_CONVERSION = YES;
				CLANG_WARN_COMMA = YES;
				CLANG_WARN_CONSTANT_CONVERSION = YES;
				CLANG_WARN_DEPRECATED_OBJC_IMPLEMENTATIONS = YES;
				CLANG_WARN_DIRECT_OBJC_ISA_USAGE = YES_ERROR;
				CLANG_WARN_DOCUMENTATION_COMMENTS = YES;
				CLANG_WARN_EMPTY_BODY = YES;
				CLANG_WARN_ENUM_CONVERSION = YES;
				CLANG_WARN_INFINITE_RECURSION = YES;
				CLANG_WARN_INT_CONVERSION = YES;
				CLANG_WARN_NON_LITERAL_NULL_CONVERSION = YES;
				CLANG_WARN_OBJC_IMPLICIT_RETAIN_SELF = YES;
				CLANG_WARN_OBJC_LITERAL_CONVERSION = YES;
				CLANG_WARN_OBJC_ROOT_CLASS = YES_ERROR;
				CLANG_WARN_QUOTED_INCLUDE_IN_FRAMEWORK_HEADER = YES;
				CLANG_WARN_RANGE_LOOP_ANALYSIS = YES;
				CLANG_WARN_STRICT_PROTOTYPES = YES;
				CLANG_WARN_SUSPICIOUS_MOVE = YES;
				CLANG_WARN_UNGUARDED_AVAILABILITY = YES_AGGRESSIVE;
				CLANG_WARN_UNREACHABLE_CODE = YES;
				CLANG_WARN__DUPLICATE_METHOD_MATCH = YES;
				COPY_PHASE_STRIP = NO;
				DEBUG_INFORMATION_FORMAT = dwarf;
				ENABLE_STRICT_OBJC_MSGSEND = YES;
				ENABLE_TESTABILITY = YES;
				GCC_C_LANGUAGE_STANDARD = gnu11;
				GCC_DYNAMIC_NO_PIC = NO;
				GCC_NO_COMMON_BLOCKS = YES;
				GCC_OPTIMIZATION_LEVEL = 0;
				GCC_PREPROCESSOR_DEFINITIONS = (
					"DEBUG=1",
					"$(inherited)",
				);
				GCC_WARN_64_TO_32_BIT_CONVERSION = YES;
				GCC_WARN_ABOUT_RETURN_TYPE = YES_ERROR;
				GCC_WARN_UNDECLARED_SELECTOR = YES;
				GCC_WARN_UNINITIALIZED_AUTOS = YES_AGGRESSIVE;
				GCC_WARN_UNUSED_FUNCTION = YES;
				GCC_WARN_UNUSED_VARIABLE = YES;
				IPHONEOS_DEPLOYMENT_TARGET = 14.4;
				MTL_ENABLE_DEBUG_INFO = INCLUDE_SOURCE;
				MTL_FAST_MATH = YES;
				ONLY_ACTIVE_ARCH = YES;
				SDKROOT = iphoneos;
				SWIFT_ACTIVE_COMPILATION_CONDITIONS = DEBUG;
				SWIFT_OPTIMIZATION_LEVEL = "-Onone";
			};
			name = Debug;
		};
		4527E9E025FA0E0C009C6178 /* Release */ = {
			isa = XCBuildConfiguration;
			buildSettings = {
				ALWAYS_SEARCH_USER_PATHS = NO;
				CLANG_ANALYZER_NONNULL = YES;
				CLANG_ANALYZER_NUMBER_OBJECT_CONVERSION = YES_AGGRESSIVE;
				CLANG_CXX_LANGUAGE_STANDARD = "gnu++14";
				CLANG_CXX_LIBRARY = "libc++";
				CLANG_ENABLE_MODULES = YES;
				CLANG_ENABLE_OBJC_ARC = YES;
				CLANG_ENABLE_OBJC_WEAK = YES;
				CLANG_WARN_BLOCK_CAPTURE_AUTORELEASING = YES;
				CLANG_WARN_BOOL_CONVERSION = YES;
				CLANG_WARN_COMMA = YES;
				CLANG_WARN_CONSTANT_CONVERSION = YES;
				CLANG_WARN_DEPRECATED_OBJC_IMPLEMENTATIONS = YES;
				CLANG_WARN_DIRECT_OBJC_ISA_USAGE = YES_ERROR;
				CLANG_WARN_DOCUMENTATION_COMMENTS = YES;
				CLANG_WARN_EMPTY_BODY = YES;
				CLANG_WARN_ENUM_CONVERSION = YES;
				CLANG_WARN_INFINITE_RECURSION = YES;
				CLANG_WARN_INT_CONVERSION = YES;
				CLANG_WARN_NON_LITERAL_NULL_CONVERSION = YES;
				CLANG_WARN_OBJC_IMPLICIT_RETAIN_SELF = YES;
				CLANG_WARN_OBJC_LITERAL_CONVERSION = YES;
				CLANG_WARN_OBJC_ROOT_CLASS = YES_ERROR;
				CLANG_WARN_QUOTED_INCLUDE_IN_FRAMEWORK_HEADER = YES;
				CLANG_WARN_RANGE_LOOP_ANALYSIS = YES;
				CLANG_WARN_STRICT_PROTOTYPES = YES;
				CLANG_WARN_SUSPICIOUS_MOVE = YES;
				CLANG_WARN_UNGUARDED_AVAILABILITY = YES_AGGRESSIVE;
				CLANG_WARN_UNREACHABLE_CODE = YES;
				CLANG_WARN__DUPLICATE_METHOD_MATCH = YES;
				COPY_PHASE_STRIP = NO;
				DEBUG_INFORMATION_FORMAT = "dwarf-with-dsym";
				ENABLE_NS_ASSERTIONS = NO;
				ENABLE_STRICT_OBJC_MSGSEND = YES;
				GCC_C_LANGUAGE_STANDARD = gnu11;
				GCC_NO_COMMON_BLOCKS = YES;
				GCC_WARN_64_TO_32_BIT_CONVERSION = YES;
				GCC_WARN_ABOUT_RETURN_TYPE = YES_ERROR;
				GCC_WARN_UNDECLARED_SELECTOR = YES;
				GCC_WARN_UNINITIALIZED_AUTOS = YES_AGGRESSIVE;
				GCC_WARN_UNUSED_FUNCTION = YES;
				GCC_WARN_UNUSED_VARIABLE = YES;
				IPHONEOS_DEPLOYMENT_TARGET = 14.4;
				MTL_ENABLE_DEBUG_INFO = NO;
				MTL_FAST_MATH = YES;
				SDKROOT = iphoneos;
				SWIFT_COMPILATION_MODE = wholemodule;
				SWIFT_OPTIMIZATION_LEVEL = "-O";
				VALIDATE_PRODUCT = YES;
			};
			name = Release;
		};
		4527E9E225FA0E0C009C6178 /* Debug */ = {
			isa = XCBuildConfiguration;
			buildSettings = {
				ASSETCATALOG_COMPILER_APPICON_NAME = AppIcon;
				ASSETCATALOG_COMPILER_GLOBAL_ACCENT_COLOR_NAME = AccentColor;
				CODE_SIGN_STYLE = Automatic;
				DEVELOPMENT_ASSET_PATHS = "\"Bourse/Preview Content\"";
				ENABLE_PREVIEWS = YES;
				INFOPLIST_FILE = Bourse/Info.plist;
				IPHONEOS_DEPLOYMENT_TARGET = 14.0;
				LD_RUNPATH_SEARCH_PATHS = (
					"$(inherited)",
					"@executable_path/Frameworks",
				);
				PRODUCT_BUNDLE_IDENTIFIER = "solidarite-.Bourse";
				PRODUCT_NAME = "$(TARGET_NAME)";
				SWIFT_VERSION = 5.0;
				TARGETED_DEVICE_FAMILY = "1,2";
			};
			name = Debug;
		};
		4527E9E325FA0E0C009C6178 /* Release */ = {
			isa = XCBuildConfiguration;
			buildSettings = {
				ASSETCATALOG_COMPILER_APPICON_NAME = AppIcon;
				ASSETCATALOG_COMPILER_GLOBAL_ACCENT_COLOR_NAME = AccentColor;
				CODE_SIGN_STYLE = Automatic;
				DEVELOPMENT_ASSET_PATHS = "\"Bourse/Preview Content\"";
				ENABLE_PREVIEWS = YES;
				INFOPLIST_FILE = Bourse/Info.plist;
				IPHONEOS_DEPLOYMENT_TARGET = 14.0;
				LD_RUNPATH_SEARCH_PATHS = (
					"$(inherited)",
					"@executable_path/Frameworks",
				);
				PRODUCT_BUNDLE_IDENTIFIER = "solidarite-.Bourse";
				PRODUCT_NAME = "$(TARGET_NAME)";
				SWIFT_VERSION = 5.0;
				TARGETED_DEVICE_FAMILY = "1,2";
			};
			name = Release;
		};
/* End XCBuildConfiguration section */

/* Begin XCConfigurationList section */
		4527E9CD25FA0E0A009C6178 /* Build configuration list for PBXProject "Bourse" */ = {
			isa = XCConfigurationList;
			buildConfigurations = (
				4527E9DF25FA0E0C009C6178 /* Debug */,
				4527E9E025FA0E0C009C6178 /* Release */,
			);
			defaultConfigurationIsVisible = 0;
			defaultConfigurationName = Release;
		};
		4527E9E125FA0E0C009C6178 /* Build configuration list for PBXNativeTarget "Bourse" */ = {
			isa = XCConfigurationList;
			buildConfigurations = (
				4527E9E225FA0E0C009C6178 /* Debug */,
				4527E9E325FA0E0C009C6178 /* Release */,
			);
			defaultConfigurationIsVisible = 0;
			defaultConfigurationName = Release;
		};
/* End XCConfigurationList section */
	};
	rootObject = 4527E9CA25FA0E0A009C6178 /* Project object */;
}
